
Microsoft Visual Studio Solution File, Format Version 12.00
Project("{FAE04EC0-301F-11D3-BF4B-00C04F79EFBC}") = "CamelliaWiki.Backend", "CamelliaWiki.Backend\CamelliaWiki.Backend.csproj", "{6A4283B5-E602-4CE7-9382-581C6B2E7A1D}"
EndProject
Global
	GlobalSection(SolutionConfigurationPlatforms) = preSolution
		Debug|Any CPU = Debug|Any CPU
		Release|Any CPU = Release|Any CPU
	EndGlobalSection
	GlobalSection(ProjectConfigurationPlatforms) = postSolution
		{6A4283B5-E602-4CE7-9382-581C6B2E7A1D}.Debug|Any CPU.ActiveCfg = Debug|Any CPU
		{6A4283B5-E602-4CE7-9382-581C6B2E7A1D}.Debug|Any CPU.Build.0 = Debug|Any CPU
		{6A4283B5-E602-4CE7-9382-581C6B2E7A1D}.Release|Any CPU.ActiveCfg = Release|Any CPU
		{6A4283B5-E602-4CE7-9382-581C6B2E7A1D}.Release|Any CPU.Build.0 = Release|Any CPU
	EndGlobalSection
EndGlobal
